dependencies:
- name: api
  repository: file://charts/api
  version: 0.1.0
- name: frontend
  repository: file://charts/frontend
  version: 0.1.0
- name: kafka
  repository: file://charts/kafka
  version: 0.1.0
- name: minio
  repository: file://charts/minio
  version: 0.1.0
- name: producer
  repository: file://charts/producer
  version: 0.1.0
digest: sha256:a74bda575c40017638fbf0de28519915d7e9965e50fb7b08b3fbfcc4d5fb14c8
generated: "2026-06-11T17:54:26.1840481-04:00"
